
Microsoft Visual Studio Solution File, Format Version 12.00
# Visual Studio Version 17
VisualStudioVersion = 17.5.33530.505
MinimumVisualStudioVersion = 10.0.40219.1
Project("{8BC9CEB8-8B4A-11D0-8D11-00A0C91BC942}") = "DriveAndAvoid", "DriveAndAvoid\DriveAndAvoid.vcxproj", "{972C7856-8519-48FC-A0D7-39459C78E125}"
EndProject
Global
	GlobalSection(SolutionConfigurationPlatforms) = preSolution
		Debug|x64 = Debug|x64
		Debug|x86 = Debug|x86
		Release|x64 = Release|x64
		Release|x86 = Release|x86
	EndGlobalSection
	GlobalSection(ProjectConfigurationPlatforms) = postSolution
		{972C7856-8519-48FC-A0D7-39459C78E125}.Debug|x64.ActiveCfg = Debug|x64
		{972C7856-8519-48FC-A0D7-39459C78E125}.Debug|x64.Build.0 = Debug|x64
		{972C7856-8519-48FC-A0D7-39459C78E125}.Debug|x86.ActiveCfg = Debug|Win32
		{972C7856-8519-48FC-A0D7-39459C78E125}.Debug|x86.Build.0 = Debug|Win32
		{972C7856-8519-48FC-A0D7-39459C78E125}.Release|x64.ActiveCfg = Release|x64
		{972C7856-8519-48FC-A0D7-39459C78E125}.Release|x64.Build.0 = Release|x64
		{972C7856-8519-48FC-A0D7-39459C78E125}.Release|x86.ActiveCfg = Release|Win32
		{972C7856-8519-48FC-A0D7-39459C78E125}.Release|x86.Build.0 = Release|Win32
	EndGlobalSection
	GlobalSection(SolutionProperties) = preSolution
		HideSolutionNode = FALSE
	EndGlobalSection
	GlobalSection(ExtensibilityGlobals) = postSolution
		SolutionGuid = {DDDB756D-A323-49B8-B4D9-927292C62C22}
	EndGlobalSection
EndGlobal
